
Microsoft Visual Studio Solution File, Format Version 12.00
# Visual Studio Version 17
VisualStudioVersion = 17.3.32929.385
MinimumVisualStudioVersion = 10.0.40219.1
Project("{FAE04EC0-301F-11D3-BF4B-00C04F79EFBC}") = "OttokeBlazor.Server", "Server\OttokeBlazor.Server.csproj", "{B2BE0748-8D34-47F3-B808-24BE9934D842}"
EndProject
Project("{FAE04EC0-301F-11D3-BF4B-00C04F79EFBC}") = "OttokeBlazor.Client", "Client\OttokeBlazor.Client.csproj", "{795E25DF-F1AE-475D-93C5-17292393DCED}"
EndProject
Project("{FAE04EC0-301F-11D3-BF4B-00C04F79EFBC}") = "OttokeBlazor.Shared", "Shared\OttokeBlazor.Shared.csproj", "{5E833D22-670B-42AE-8FBC-CDB093698583}"
EndProject
Global
	GlobalSection(SolutionConfigurationPlatforms) = preSolution
		Debug|Any CPU = Debug|Any CPU
		Release|Any CPU = Release|Any CPU
	EndGlobalSection
	GlobalSection(ProjectConfigurationPlatforms) = postSolution
		{B2BE0748-8D34-47F3-B808-24BE9934D842}.Debug|Any CPU.ActiveCfg = Debug|Any CPU
		{B2BE0748-8D34-47F3-B808-24BE9934D842}.Debug|Any CPU.Build.0 = Debug|Any CPU
		{B2BE0748-8D34-47F3-B808-24BE9934D842}.Release|Any CPU.ActiveCfg = Release|Any CPU
		{B2BE0748-8D34-47F3-B808-24BE9934D842}.Release|Any CPU.Build.0 = Release|Any CPU
		{795E25DF-F1AE-475D-93C5-17292393DCED}.Debug|Any CPU.ActiveCfg = Debug|Any CPU
		{795E25DF-F1AE-475D-93C5-17292393DCED}.Debug|Any CPU.Build.0 = Debug|Any CPU
		{795E25DF-F1AE-475D-93C5-17292393DCED}.Release|Any CPU.ActiveCfg = Release|Any CPU
		{795E25DF-F1AE-475D-93C5-17292393DCED}.Release|Any CPU.Build.0 = Release|Any CPU
		{5E833D22-670B-42AE-8FBC-CDB093698583}.Debug|Any CPU.ActiveCfg = Debug|Any CPU
		{5E833D22-670B-42AE-8FBC-CDB093698583}.Debug|Any CPU.Build.0 = Debug|Any CPU
		{5E833D22-670B-42AE-8FBC-CDB093698583}.Release|Any CPU.ActiveCfg = Release|Any CPU
		{5E833D22-670B-42AE-8FBC-CDB093698583}.Release|Any CPU.Build.0 = Release|Any CPU
	EndGlobalSection
	GlobalSection(SolutionProperties) = preSolution
		HideSolutionNode = FALSE
	EndGlobalSection
	GlobalSection(ExtensibilityGlobals) = postSolution
		SolutionGuid = {9194D6CB-B8BE-4C8B-8883-3A638284F0B3}
	EndGlobalSection
EndGlobal
